{
  "object": {
    "pins": [
      {
        "package": "WaterfallGrid",
        "repositoryURL": "https://github.com/paololeonardi/WaterfallGrid.git",
        "state": {
          "branch": null,
          "revision": "92ce6e6a78a96a518f44df6690f849f6b6a1f3c9",
          "version": "0.3.2"
        }
      }
    ]
  },
  "version": 1
}
