// !$*UTF8*$!
{
	archiveVersion = 1;
	classes = {
	};
	objectVersion = 52;
	objects = {

/* Begin PBXBuildFile section */
		45135960239A2BCC00EB2D31 /* DefaultData.swift in Sources */ = {isa = PBXBuildFile; fileRef = 4513595F239A2BCC00EB2D31 /* DefaultData.swift */; };
		45135962239A2C0B00EB2D31 /* MedicineModelExtensions.swift in Sources */ = {isa = PBXBuildFile; fileRef = 45135961239A2C0B00EB2D31 /* MedicineModelExtensions.swift */; };
		4518F0EE26D3301D0081A098 /* AppFiles.swift in Sources */ = {isa = PBXBuildFile; fileRef = 4518F0ED26D3301D0081A098 /* AppFiles.swift */; };
		4518F0F026D331220081A098 /* RealmEventLogging.swift in Sources */ = {isa = PBXBuildFile; fileRef = 4518F0EF26D331220081A098 /* RealmEventLogging.swift */; };
		4518F0F226D3315E0081A098 /* EventDefinitions.swift in Sources */ = {isa = PBXBuildFile; fileRef = 4518F0F126D3315E0081A098 /* EventDefinitions.swift */; };
		4518F0F426D337710081A098 /* FlatFileLogging.swift in Sources */ = {isa = PBXBuildFile; fileRef = 4518F0F326D337710081A098 /* FlatFileLogging.swift */; };
		45452B8B235D308700273D79 /* EventLogging.swift in Sources */ = {isa = PBXBuildFile; fileRef = 45452B8A235D308700273D79 /* EventLogging.swift */; };
		4593B4B2231AFBD000787D91 /* AppDelegate.swift in Sources */ = {isa = PBXBuildFile; fileRef = 4593B4B1231AFBD000787D91 /* AppDelegate.swift */; };
		4593B4B4231AFBD000787D91 /* SceneDelegate.swift in Sources */ = {isa = PBXBuildFile; fileRef = 4593B4B3231AFBD000787D91 /* SceneDelegate.swift */; };
		4593B4B6231AFBD000787D91 /* AddNewEntryView.swift in Sources */ = {isa = PBXBuildFile; fileRef = 4593B4B5231AFBD000787D91 /* AddNewEntryView.swift */; };
		4593B4B8231AFBD100787D91 /* Assets.xcassets in Resources */ = {isa = PBXBuildFile; fileRef = 4593B4B7231AFBD100787D91 /* Assets.xcassets */; };
		4593B4BB231AFBD100787D91 /* Preview Assets.xcassets in Resources */ = {isa = PBXBuildFile; fileRef = 4593B4BA231AFBD100787D91 /* Preview Assets.xcassets */; };
		4593B4BE231AFBD100787D91 /* LaunchScreen.storyboard in Resources */ = {isa = PBXBuildFile; fileRef = 4593B4BC231AFBD100787D91 /* LaunchScreen.storyboard */; };
		4593B4C9231AFBD200787D91 /* Drugs_Tests.swift in Sources */ = {isa = PBXBuildFile; fileRef = 4593B4C8231AFBD200787D91 /* Drugs_Tests.swift */; };
		4593B4D4231AFBD200787D91 /* Drugs_UITests.swift in Sources */ = {isa = PBXBuildFile; fileRef = 4593B4D3231AFBD200787D91 /* Drugs_UITests.swift */; };
		459679F723370558001DCBA1 /* AppColors.swift in Sources */ = {isa = PBXBuildFile; fileRef = 459679F623370558001DCBA1 /* AppColors.swift */; };
		459679F923371772001DCBA1 /* MedicineEntryDetailsView.swift in Sources */ = {isa = PBXBuildFile; fileRef = 459679F823371772001DCBA1 /* MedicineEntryDetailsView.swift */; };
		459679FB2337204C001DCBA1 /* Formatting.swift in Sources */ = {isa = PBXBuildFile; fileRef = 459679FA2337204B001DCBA1 /* Formatting.swift */; };
		45CE91C223CBFB55007E0580 /* DrugEntryNumberPad.swift in Sources */ = {isa = PBXBuildFile; fileRef = 45CE91C123CBFB55007E0580 /* DrugEntryNumberPad.swift */; };
		45DA2BBD2324C1FD00649270 /* MedicineModelDefinitions.swift in Sources */ = {isa = PBXBuildFile; fileRef = 45DA2BBC2324C1FD00649270 /* MedicineModelDefinitions.swift */; };
		45DA2BBF2324C93E00649270 /* MedicineLogDataManager.swift in Sources */ = {isa = PBXBuildFile; fileRef = 45DA2BBE2324C93E00649270 /* MedicineLogDataManager.swift */; };
		45DA2BC1232532E500649270 /* AppStateError.swift in Sources */ = {isa = PBXBuildFile; fileRef = 45DA2BC0232532E500649270 /* AppStateError.swift */; };
		45DA2BC3232551B600649270 /* DrugSelectionContainerView.swift in Sources */ = {isa = PBXBuildFile; fileRef = 45DA2BC2232551B600649270 /* DrugSelectionContainerView.swift */; };
		B7881B1526D47D4200B7BBA6 /* FilePersistence+Extensions.swift in Sources */ = {isa = PBXBuildFile; fileRef = B7881B1426D47D4200B7BBA6 /* FilePersistence+Extensions.swift */; };
		B7FC2CB027B741BC002C950E /* RealmPersistenceManager.swift in Sources */ = {isa = PBXBuildFile; fileRef = B7FC2CAF27B741BC002C950E /* RealmPersistenceManager.swift */; };
		B7FC2CB227B7420B002C950E /* RealmPersistenceStateTransformer.swift in Sources */ = {isa = PBXBuildFile; fileRef = B7FC2CB127B7420B002C950E /* RealmPersistenceStateTransformer.swift */; };
		B7FC9EA026D1D3310027E032 /* RealmSwift in Frameworks */ = {isa = PBXBuildFile; productRef = B7FC9E9F26D1D3310027E032 /* RealmSwift */; };
		B7FC9EA226D1D3310027E032 /* Realm in Frameworks */ = {isa = PBXBuildFile; productRef = B7FC9EA126D1D3310027E032 /* Realm */; };
		B7FC9EA426D1D3A90027E032 /* Drugs_RealmTests.swift in Sources */ = {isa = PBXBuildFile; fileRef = B7FC9EA326D1D3A90027E032 /* Drugs_RealmTests.swift */; };
		B7FC9EA726D1FC020027E032 /* RealmManager.swift in Sources */ = {isa = PBXBuildFile; fileRef = B7FC9EA626D1FC020027E032 /* RealmManager.swift */; };
		B7FC9EA926D1FD210027E032 /* RealmModels.swift in Sources */ = {isa = PBXBuildFile; fileRef = B7FC9EA826D1FD210027E032 /* RealmModels.swift */; };
		B7FC9EAB26D1FE820027E032 /* RealmMigrations.swift in Sources */ = {isa = PBXBuildFile; fileRef = B7FC9EAA26D1FE820027E032 /* RealmMigrations.swift */; };
		F01BBBB2246F900900BBC3A3 /* FileStore.swift in Sources */ = {isa = PBXBuildFile; fileRef = F01BBBB1246F900900BBC3A3 /* FileStore.swift */; };
		F01BBBB4246F939600BBC3A3 /* EntryListFileStore.swift in Sources */ = {isa = PBXBuildFile; fileRef = F01BBBB3246F939600BBC3A3 /* EntryListFileStore.swift */; };
		F01BBBB6246F93BB00BBC3A3 /* Aliases.swift in Sources */ = {isa = PBXBuildFile; fileRef = F01BBBB5246F93BB00BBC3A3 /* Aliases.swift */; };
		F021ED1E24EE14E5007147B6 /* NotificationInfoViewState.swift in Sources */ = {isa = PBXBuildFile; fileRef = F021ED1D24EE14E5007147B6 /* NotificationInfoViewState.swift */; };
		F022624F2471A8A800F31141 /* ExistingEntryEditorView.swift in Sources */ = {isa = PBXBuildFile; fileRef = F022624E2471A8A800F31141 /* ExistingEntryEditorView.swift */; };
		F02262532471AA8C00F31141 /* Components.swift in Sources */ = {isa = PBXBuildFile; fileRef = F02262522471AA8C00F31141 /* Components.swift */; };
		F02892F024EB87B7005A40D9 /* RootAppStartupView.swift in Sources */ = {isa = PBXBuildFile; fileRef = F02892EF24EB87B7005A40D9 /* RootAppStartupView.swift */; };
		F02892F524EBA28A005A40D9 /* NotificationInfoView.swift in Sources */ = {isa = PBXBuildFile; fileRef = F02892F424EBA28A005A40D9 /* NotificationInfoView.swift */; };
		F0456CD024705D630017B04E /* DrugSelectionListView.swift in Sources */ = {isa = PBXBuildFile; fileRef = F0456CCF24705D630017B04E /* DrugSelectionListView.swift */; };
		F0456CD824705F020017B04E /* AppColors.swift in Sources */ = {isa = PBXBuildFile; fileRef = 459679F623370558001DCBA1 /* AppColors.swift */; };
		F0456CD924705F030017B04E /* AppColors.swift in Sources */ = {isa = PBXBuildFile; fileRef = 459679F623370558001DCBA1 /* AppColors.swift */; };
		F0456CDD247061450017B04E /* DrugEntryCell.swift in Sources */ = {isa = PBXBuildFile; fileRef = F0456CDC247061450017B04E /* DrugEntryCell.swift */; };
		F051DACD24EBC20200D095C9 /* slow-spring-board.caf in Resources */ = {isa = PBXBuildFile; fileRef = F051DACC24EBC20200D095C9 /* slow-spring-board.caf */; };
		F066BB4F258EF98B00B1654B /* FilePersistenceManager.swift in Sources */ = {isa = PBXBuildFile; fileRef = F066BB4E258EF98B00B1654B /* FilePersistenceManager.swift */; };
		F066BB54258EFC5700B1654B /* ApplicationData+Mutation.swift in Sources */ = {isa = PBXBuildFile; fileRef = F066BB53258EFC5700B1654B /* ApplicationData+Mutation.swift */; };
		F06CE02C2477A7E50005441E /* Formatting.swift in Sources */ = {isa = PBXBuildFile; fileRef = 459679FA2337204B001DCBA1 /* Formatting.swift */; };
		F06CE02D2477A7E60005441E /* Formatting.swift in Sources */ = {isa = PBXBuildFile; fileRef = 459679FA2337204B001DCBA1 /* Formatting.swift */; };
		F075605D24EC5A4F00E81463 /* GlobalUtilityFunctions.swift in Sources */ = {isa = PBXBuildFile; fileRef = F075605C24EC5A4F00E81463 /* GlobalUtilityFunctions.swift */; };
		F07E207E24E9CBFF004DFB8C /* AddEntryViewState.swift in Sources */ = {isa = PBXBuildFile; fileRef = F07E207D24E9CBFF004DFB8C /* AddEntryViewState.swift */; };
		F07E208024E9CC2B004DFB8C /* DrugListEditState.swift in Sources */ = {isa = PBXBuildFile; fileRef = F07E207F24E9CC2B004DFB8C /* DrugListEditState.swift */; };
		F094CF4E247B710300CE50BA /* AutoCancel.swift in Sources */ = {isa = PBXBuildFile; fileRef = F094CF4D247B710300CE50BA /* AutoCancel.swift */; };
		F09E36EE248216220011C8BD /* ApplicationData.swift in Sources */ = {isa = PBXBuildFile; fileRef = F09E36ED248216220011C8BD /* ApplicationData.swift */; };
		F0BB568124E760FB00BF91F2 /* MedicineEntryDetailsViewState.swift in Sources */ = {isa = PBXBuildFile; fileRef = F0BB568024E760FB00BF91F2 /* MedicineEntryDetailsViewState.swift */; };
		F0D289C2248D50F700FEBA51 /* DrugListEditorView.swift in Sources */ = {isa = PBXBuildFile; fileRef = F0D289C1248D50F700FEBA51 /* DrugListEditorView.swift */; };
		F0D35309256F176C00AAC99E /* ExistingEntryEditorState.swift in Sources */ = {isa = PBXBuildFile; fileRef = F0D35308256F176C00AAC99E /* ExistingEntryEditorState.swift */; };
		F0DFB7672593A7B900F7A8CE /* ActivityView.swift in Sources */ = {isa = PBXBuildFile; fileRef = F0DFB7662593A7B900F7A8CE /* ActivityView.swift */; };
		F0E25B6C258ED11A001EE2A7 /* DrugSelectionModels.swift in Sources */ = {isa = PBXBuildFile; fileRef = F0E25B6B258ED11A001EE2A7 /* DrugSelectionModels.swift */; };
		F0E25B74258ED25F001EE2A7 /* EntryListView.swift in Sources */ = {isa = PBXBuildFile; fileRef = F0E25B73258ED25F001EE2A7 /* EntryListView.swift */; };
		F0FE7FAB255E3CC5004D6D62 /* TestingKeys.swift in Sources */ = {isa = PBXBuildFile; fileRef = F0FE7FAA255E3CC5004D6D62 /* TestingKeys.swift */; };
		F0FE7FB0255E3CD5004D6D62 /* TestingKeys.swift in Sources */ = {isa = PBXBuildFile; fileRef = F0FE7FAA255E3CC5004D6D62 /* TestingKeys.swift */; };
/* End PBXBuildFile section */

/* Begin PBXContainerItemProxy section */
		4593B4C5231AFBD200787D91 /* PBXContainerItemProxy */ = {
			isa = PBXContainerItemProxy;
			containerPortal = 4593B4A6231AFBD000787D91 /* Project object */;
			proxyType = 1;
			remoteGlobalIDString = 4593B4AD231AFBD000787D91;
			remoteInfo = "Drugs!";
		};
		4593B4D0231AFBD200787D91 /* PBXContainerItemProxy */ = {
			isa = PBXContainerItemProxy;
			containerPortal = 4593B4A6231AFBD000787D91 /* Project object */;
			proxyType = 1;
			remoteGlobalIDString = 4593B4AD231AFBD000787D91;
			remoteInfo = "Drugs!";
		};
/* End PBXContainerItemProxy section */

/* Begin PBXFileReference section */
		4513595F239A2BCC00EB2D31 /* DefaultData.swift */ = {isa = PBXFileReference; lastKnownFileType = sourcecode.swift; path = DefaultData.swift; sourceTree = "<group>"; };
		45135961239A2C0B00EB2D31 /* MedicineModelExtensions.swift */ = {isa = PBXFileReference; lastKnownFileType = sourcecode.swift; path = MedicineModelExtensions.swift; sourceTree = "<group>"; };
		4518F0ED26D3301D0081A098 /* AppFiles.swift */ = {isa = PBXFileReference; lastKnownFileType = sourcecode.swift; path = AppFiles.swift; sourceTree = "<group>"; };
		4518F0EF26D331220081A098 /* RealmEventLogging.swift */ = {isa = PBXFileReference; lastKnownFileType = sourcecode.swift; path = RealmEventLogging.swift; sourceTree = "<group>"; };
		4518F0F126D3315E0081A098 /* EventDefinitions.swift */ = {isa = PBXFileReference; lastKnownFileType = sourcecode.swift; path = EventDefinitions.swift; sourceTree = "<group>"; };
		4518F0F326D337710081A098 /* FlatFileLogging.swift */ = {isa = PBXFileReference; lastKnownFileType = sourcecode.swift; path = FlatFileLogging.swift; sourceTree = "<group>"; };
		45452B8A235D308700273D79 /* EventLogging.swift */ = {isa = PBXFileReference; lastKnownFileType = sourcecode.swift; path = EventLogging.swift; sourceTree = "<group>"; };
		45452B8C235D49D400273D79 /* TestingPlayground.playground */ = {isa = PBXFileReference; lastKnownFileType = file.playground; path = TestingPlayground.playground; sourceTree = SOURCE_ROOT; xcLanguageSpecificationIdentifier = xcode.lang.swift; };
		4593B4AE231AFBD000787D91 /* Meds!.app */ = {isa = PBXFileReference; explicitFileType = wrapper.application; includeInIndex = 0; path = "Meds!.app"; sourceTree = BUILT_PRODUCTS_DIR; };
		4593B4B1231AFBD000787D91 /* AppDelegate.swift */ = {isa = PBXFileReference; lastKnownFileType = sourcecode.swift; path = AppDelegate.swift; sourceTree = "<group>"; };
		4593B4B3231AFBD000787D91 /* SceneDelegate.swift */ = {isa = PBXFileReference; lastKnownFileType = sourcecode.swift; path = SceneDelegate.swift; sourceTree = "<group>"; };
		4593B4B5231AFBD000787D91 /* AddNewEntryView.swift */ = {isa = PBXFileReference; lastKnownFileType = sourcecode.swift; path = AddNewEntryView.swift; sourceTree = "<group>"; };
		4593B4B7231AFBD100787D91 /* Assets.xcassets */ = {isa = PBXFileReference; lastKnownFileType = folder.assetcatalog; path = Assets.xcassets; sourceTree = "<group>"; };
		4593B4BA231AFBD100787D91 /* Preview Assets.xcassets */ = {isa = PBXFileReference; lastKnownFileType = folder.assetcatalog; path = "Preview Assets.xcassets"; sourceTree = "<group>"; };
		4593B4BD231AFBD100787D91 /* Base */ = {isa = PBXFileReference; lastKnownFileType = file.storyboard; name = Base; path = Base.lproj/LaunchScreen.storyboard; sourceTree = "<group>"; };
		4593B4BF231AFBD100787D91 /* Info.plist */ = {isa = PBXFileReference; lastKnownFileType = text.plist.xml; path = Info.plist; sourceTree = "<group>"; };
		4593B4C4231AFBD200787D91 /* Drugs!Tests.xctest */ = {isa = PBXFileReference; explicitFileType = wrapper.cfbundle; includeInIndex = 0; path = "Drugs!Tests.xctest"; sourceTree = BUILT_PRODUCTS_DIR; };
		4593B4C8231AFBD200787D91 /* Drugs_Tests.swift */ = {isa = PBXFileReference; lastKnownFileType = sourcecode.swift; path = Drugs_Tests.swift; sourceTree = "<group>"; };
		4593B4CA231AFBD200787D91 /* Info.plist */ = {isa = PBXFileReference; lastKnownFileType = text.plist.xml; path = Info.plist; sourceTree = "<group>"; };
		4593B4CF231AFBD200787D91 /* Drugs!UITests.xctest */ = {isa = PBXFileReference; explicitFileType = wrapper.cfbundle; includeInIndex = 0; path = "Drugs!UITests.xctest"; sourceTree = BUILT_PRODUCTS_DIR; };
		4593B4D3231AFBD200787D91 /* Drugs_UITests.swift */ = {isa = PBXFileReference; lastKnownFileType = sourcecode.swift; path = Drugs_UITests.swift; sourceTree = "<group>"; };
		4593B4D5231AFBD200787D91 /* Info.plist */ = {isa = PBXFileReference; lastKnownFileType = text.plist.xml; path = Info.plist; sourceTree = "<group>"; };
		459679F623370558001DCBA1 /* AppColors.swift */ = {isa = PBXFileReference; lastKnownFileType = sourcecode.swift; path = AppColors.swift; sourceTree = "<group>"; };
		459679F823371772001DCBA1 /* MedicineEntryDetailsView.swift */ = {isa = PBXFileReference; lastKnownFileType = sourcecode.swift; path = MedicineEntryDetailsView.swift; sourceTree = "<group>"; };
		459679FA2337204B001DCBA1 /* Formatting.swift */ = {isa = PBXFileReference; lastKnownFileType = sourcecode.swift; path = Formatting.swift; sourceTree = "<group>"; };
		45CE91C123CBFB55007E0580 /* DrugEntryNumberPad.swift */ = {isa = PBXFileReference; lastKnownFileType = sourcecode.swift; path = DrugEntryNumberPad.swift; sourceTree = "<group>"; };
		45DA2BBC2324C1FD00649270 /* MedicineModelDefinitions.swift */ = {isa = PBXFileReference; lastKnownFileType = sourcecode.swift; path = MedicineModelDefinitions.swift; sourceTree = "<group>"; };
		45DA2BBE2324C93E00649270 /* MedicineLogDataManager.swift */ = {isa = PBXFileReference; lastKnownFileType = sourcecode.swift; path = MedicineLogDataManager.swift; sourceTree = "<group>"; };
		45DA2BC0232532E500649270 /* AppStateError.swift */ = {isa = PBXFileReference; lastKnownFileType = sourcecode.swift; path = AppStateError.swift; sourceTree = "<group>"; };
		45DA2BC2232551B600649270 /* DrugSelectionContainerView.swift */ = {isa = PBXFileReference; lastKnownFileType = sourcecode.swift; path = DrugSelectionContainerView.swift; sourceTree = "<group>"; };
		B7881B1426D47D4200B7BBA6 /* FilePersistence+Extensions.swift */ = {isa = PBXFileReference; lastKnownFileType = sourcecode.swift; path = "FilePersistence+Extensions.swift"; sourceTree = "<group>"; };
		B7FC2CAF27B741BC002C950E /* RealmPersistenceManager.swift */ = {isa = PBXFileReference; lastKnownFileType = sourcecode.swift; path = RealmPersistenceManager.swift; sourceTree = "<group>"; };
		B7FC2CB127B7420B002C950E /* RealmPersistenceStateTransformer.swift */ = {isa = PBXFileReference; lastKnownFileType = sourcecode.swift; path = RealmPersistenceStateTransformer.swift; sourceTree = "<group>"; };
		B7FC9EA326D1D3A90027E032 /* Drugs_RealmTests.swift */ = {isa = PBXFileReference; lastKnownFileType = sourcecode.swift; path = Drugs_RealmTests.swift; sourceTree = "<group>"; };
		B7FC9EA626D1FC020027E032 /* RealmManager.swift */ = {isa = PBXFileReference; lastKnownFileType = sourcecode.swift; path = RealmManager.swift; sourceTree = "<group>"; };
		B7FC9EA826D1FD210027E032 /* RealmModels.swift */ = {isa = PBXFileReference; lastKnownFileType = sourcecode.swift; path = RealmModels.swift; sourceTree = "<group>"; };
		B7FC9EAA26D1FE820027E032 /* RealmMigrations.swift */ = {isa = PBXFileReference; lastKnownFileType = sourcecode.swift; path = RealmMigrations.swift; sourceTree = "<group>"; };
		F01BBBB1246F900900BBC3A3 /* FileStore.swift */ = {isa = PBXFileReference; lastKnownFileType = sourcecode.swift; path = FileStore.swift; sourceTree = "<group>"; };
		F01BBBB3246F939600BBC3A3 /* EntryListFileStore.swift */ = {isa = PBXFileReference; lastKnownFileType = sourcecode.swift; path = EntryListFileStore.swift; sourceTree = "<group>"; };
		F01BBBB5246F93BB00BBC3A3 /* Aliases.swift */ = {isa = PBXFileReference; lastKnownFileType = sourcecode.swift; path = Aliases.swift; sourceTree = "<group>"; };
		F021ED1D24EE14E5007147B6 /* NotificationInfoViewState.swift */ = {isa = PBXFileReference; lastKnownFileType = sourcecode.swift; path = NotificationInfoViewState.swift; sourceTree = "<group>"; };
		F022114024F1A38E000EC089 /* Meds!.entitlements */ = {isa = PBXFileReference; lastKnownFileType = text.plist.entitlements; path = "Meds!.entitlements"; sourceTree = "<group>"; };
		F022624E2471A8A800F31141 /* ExistingEntryEditorView.swift */ = {isa = PBXFileReference; lastKnownFileType = sourcecode.swift; path = ExistingEntryEditorView.swift; sourceTree = "<group>"; };
		F02262522471AA8C00F31141 /* Components.swift */ = {isa = PBXFileReference; lastKnownFileType = sourcecode.swift; path = Components.swift; sourceTree = "<group>"; };
		F02892EF24EB87B7005A40D9 /* RootAppStartupView.swift */ = {isa = PBXFileReference; lastKnownFileType = sourcecode.swift; path = RootAppStartupView.swift; sourceTree = "<group>"; };
		F02892F424EBA28A005A40D9 /* NotificationInfoView.swift */ = {isa = PBXFileReference; lastKnownFileType = sourcecode.swift; path = NotificationInfoView.swift; sourceTree = "<group>"; };
		F0456CCF24705D630017B04E /* DrugSelectionListView.swift */ = {isa = PBXFileReference; lastKnownFileType = sourcecode.swift; path = DrugSelectionListView.swift; sourceTree = "<group>"; };
		F0456CDC247061450017B04E /* DrugEntryCell.swift */ = {isa = PBXFileReference; lastKnownFileType = sourcecode.swift; path = DrugEntryCell.swift; sourceTree = "<group>"; };
		F051DACC24EBC20200D095C9 /* slow-spring-board.caf */ = {isa = PBXFileReference; lastKnownFileType = file; path = "slow-spring-board.caf"; sourceTree = "<group>"; };
		F066BB4E258EF98B00B1654B /* FilePersistenceManager.swift */ = {isa = PBXFileReference; lastKnownFileType = sourcecode.swift; path = FilePersistenceManager.swift; sourceTree = "<group>"; };
		F066BB53258EFC5700B1654B /* ApplicationData+Mutation.swift */ = {isa = PBXFileReference; lastKnownFileType = sourcecode.swift; path = "ApplicationData+Mutation.swift"; sourceTree = "<group>"; };
		F075605C24EC5A4F00E81463 /* GlobalUtilityFunctions.swift */ = {isa = PBXFileReference; lastKnownFileType = sourcecode.swift; path = GlobalUtilityFunctions.swift; sourceTree = "<group>"; };
		F07E207D24E9CBFF004DFB8C /* AddEntryViewState.swift */ = {isa = PBXFileReference; lastKnownFileType = sourcecode.swift; path = AddEntryViewState.swift; sourceTree = "<group>"; };
		F07E207F24E9CC2B004DFB8C /* DrugListEditState.swift */ = {isa = PBXFileReference; lastKnownFileType = sourcecode.swift; path = DrugListEditState.swift; sourceTree = "<group>"; };
		F094CF4D247B710300CE50BA /* AutoCancel.swift */ = {isa = PBXFileReference; lastKnownFileType = sourcecode.swift; path = AutoCancel.swift; sourceTree = "<group>"; };
		F09E36ED248216220011C8BD /* ApplicationData.swift */ = {isa = PBXFileReference; lastKnownFileType = sourcecode.swift; path = ApplicationData.swift; sourceTree = "<group>"; };
		F0BB568024E760FB00BF91F2 /* MedicineEntryDetailsViewState.swift */ = {isa = PBXFileReference; lastKnownFileType = sourcecode.swift; path = MedicineEntryDetailsViewState.swift; sourceTree = "<group>"; };
		F0D289C1248D50F700FEBA51 /* DrugListEditorView.swift */ = {isa = PBXFileReference; lastKnownFileType = sourcecode.swift; path = DrugListEditorView.swift; sourceTree = "<group>"; };
		F0D35308256F176C00AAC99E /* ExistingEntryEditorState.swift */ = {isa = PBXFileReference; lastKnownFileType = sourcecode.swift; path = ExistingEntryEditorState.swift; sourceTree = "<group>"; };
		F0DFB7662593A7B900F7A8CE /* ActivityView.swift */ = {isa = PBXFileReference; lastKnownFileType = sourcecode.swift; path = ActivityView.swift; sourceTree = "<group>"; };
		F0E25B6B258ED11A001EE2A7 /* DrugSelectionModels.swift */ = {isa = PBXFileReference; lastKnownFileType = sourcecode.swift; path = DrugSelectionModels.swift; sourceTree = "<group>"; };
		F0E25B73258ED25F001EE2A7 /* EntryListView.swift */ = {isa = PBXFileReference; lastKnownFileType = sourcecode.swift; path = EntryListView.swift; sourceTree = "<group>"; };
		F0FE7FAA255E3CC5004D6D62 /* TestingKeys.swift */ = {isa = PBXFileReference; lastKnownFileType = sourcecode.swift; path = TestingKeys.swift; sourceTree = "<group>"; };
/* End PBXFileReference section */

/* Begin PBXFrameworksBuildPhase section */
		4593B4AB231AFBD000787D91 /* Frameworks */ = {
			isa = PBXFrameworksBuildPhase;
			buildActionMask = 2147483647;
			files = (
				B7FC9EA226D1D3310027E032 /* Realm in Frameworks */,
				B7FC9EA026D1D3310027E032 /* RealmSwift in Frameworks */,
			);
			runOnlyForDeploymentPostprocessing = 0;
		};
		4593B4C1231AFBD200787D91 /* Frameworks */ = {
			isa = PBXFrameworksBuildPhase;
			buildActionMask = 2147483647;
			files = (
			);
			runOnlyForDeploymentPostprocessing = 0;
		};
		4593B4CC231AFBD200787D91 /* Frameworks */ = {
			isa = PBXFrameworksBuildPhase;
			buildActionMask = 2147483647;
			files = (
			);
			runOnlyForDeploymentPostprocessing = 0;
		};
/* End PBXFrameworksBuildPhase section */

/* Begin PBXGroup section */
		4593B4A5231AFBD000787D91 = {
			isa = PBXGroup;
			children = (
				4593B4B0231AFBD000787D91 /* Drugs! */,
				4593B4C7231AFBD200787D91 /* Drugs!Tests */,
				4593B4D2231AFBD200787D91 /* Drugs!UITests */,
				4593B4AF231AFBD000787D91 /* Products */,
				F0092492256DD364005F4ABE /* Frameworks */,
			);
			sourceTree = "<group>";
		};
		4593B4AF231AFBD000787D91 /* Products */ = {
			isa = PBXGroup;
			children = (
				4593B4AE231AFBD000787D91 /* Meds!.app */,
				4593B4C4231AFBD200787D91 /* Drugs!Tests.xctest */,
				4593B4CF231AFBD200787D91 /* Drugs!UITests.xctest */,
			);
			name = Products;
			sourceTree = "<group>";
		};
		4593B4B0231AFBD000787D91 /* Drugs! */ = {
			isa = PBXGroup;
			children = (
				F022114024F1A38E000EC089 /* Meds!.entitlements */,
				F051DACC24EBC20200D095C9 /* slow-spring-board.caf */,
				4593B4BF231AFBD100787D91 /* Info.plist */,
				4593B4B7231AFBD100787D91 /* Assets.xcassets */,
				45DA2BB92324B21600649270 /* Standard App Files */,
				45F0D6122324448700A8313F /* App Launch Delegates */,
				45DA2BBA2324B24E00649270 /* CoreLogic */,
				45DA2BBB2324B28A00649270 /* Screens */,
				459679F523370548001DCBA1 /* Theming */,
				F094CF4C247B70EF00CE50BA /* ViewModifiers */,
				4593B4B9231AFBD100787D91 /* Preview Content */,
			);
			path = "Drugs!";
			sourceTree = "<group>";
		};
		4593B4B9231AFBD100787D91 /* Preview Content */ = {
			isa = PBXGroup;
			children = (
				4593B4BA231AFBD100787D91 /* Preview Assets.xcassets */,
			);
			path = "Preview Content";
			sourceTree = "<group>";
		};
		4593B4C7231AFBD200787D91 /* Drugs!Tests */ = {
			isa = PBXGroup;
			children = (
				4593B4CA231AFBD200787D91 /* Info.plist */,
				4593B4C8231AFBD200787D91 /* Drugs_Tests.swift */,
				B7FC9EA326D1D3A90027E032 /* Drugs_RealmTests.swift */,
			);
			path = "Drugs!Tests";
			sourceTree = "<group>";
		};
		4593B4D2231AFBD200787D91 /* Drugs!UITests */ = {
			isa = PBXGroup;
			children = (
				4593B4D3231AFBD200787D91 /* Drugs_UITests.swift */,
				4593B4D5231AFBD200787D91 /* Info.plist */,
			);
			path = "Drugs!UITests";
			sourceTree = "<group>";
		};
		459679F523370548001DCBA1 /* Theming */ = {
			isa = PBXGroup;
			children = (
				459679F623370558001DCBA1 /* AppColors.swift */,
				459679FA2337204B001DCBA1 /* Formatting.swift */,
			);
			path = Theming;
			sourceTree = "<group>";
		};
		45DA2BB92324B21600649270 /* Standard App Files */ = {
			isa = PBXGroup;
			children = (
				4593B4BC231AFBD100787D91 /* LaunchScreen.storyboard */,
			);
			path = "Standard App Files";
			sourceTree = "<group>";
		};
		45DA2BBA2324B24E00649270 /* CoreLogic */ = {
			isa = PBXGroup;
			children = (
				F01BBBB5246F93BB00BBC3A3 /* Aliases.swift */,
				F022624D2471A81100F31141 /* Logging */,
				F022624C2471A79B00F31141 /* AppState */,
				F01BBBB0246F8FE400BBC3A3 /* Persistence */,
				F0C035BE2467AE3F00599A4D /* Models */,
				4513595F239A2BCC00EB2D31 /* DefaultData.swift */,
				45DA2BBE2324C93E00649270 /* MedicineLogDataManager.swift */,
				45452B8C235D49D400273D79 /* TestingPlayground.playground */,
				F075605C24EC5A4F00E81463 /* GlobalUtilityFunctions.swift */,
			);
			path = CoreLogic;
			sourceTree = "<group>";
		};
		45DA2BBB2324B28A00649270 /* Screens */ = {
			isa = PBXGroup;
			children = (
				F0DFB7652593A7A100F7A8CE /* ActivityViewShareSheet */,
				F0E25B6A258ED02D001EE2A7 /* EntryList */,
				F02892F324EBA23F005A40D9 /* Reminders */,
				F02892F124EB88C7005A40D9 /* Selection */,
				F02892F224EB896C005A40D9 /* EntryEditing */,
				F0D289C0248D50DC00FEBA51 /* DrugListEditor */,
				F02262492471A71700F31141 /* Details */,
				45F0D6152324457B00A8313F /* AddNewEntry */,
				F02892EF24EB87B7005A40D9 /* RootAppStartupView.swift */,
				F07E207D24E9CBFF004DFB8C /* AddEntryViewState.swift */,
				F02262522471AA8C00F31141 /* Components.swift */,
				F0FE7FAA255E3CC5004D6D62 /* TestingKeys.swift */,
			);
			path = Screens;
			sourceTree = "<group>";
		};
		45F0D6122324448700A8313F /* App Launch Delegates */ = {
			isa = PBXGroup;
			children = (
				4593B4B1231AFBD000787D91 /* AppDelegate.swift */,
				4593B4B3231AFBD000787D91 /* SceneDelegate.swift */,
			);
			path = "App Launch Delegates";
			sourceTree = "<group>";
		};
		45F0D6152324457B00A8313F /* AddNewEntry */ = {
			isa = PBXGroup;
			children = (
				4593B4B5231AFBD000787D91 /* AddNewEntryView.swift */,
			);
			path = AddNewEntry;
			sourceTree = "<group>";
		};
		B7FC9EA526D1FBA90027E032 /* RealmFiles */ = {
			isa = PBXGroup;
			children = (
				B7FC9EA826D1FD210027E032 /* RealmModels.swift */,
				B7FC9EA626D1FC020027E032 /* RealmManager.swift */,
				B7FC9EAA26D1FE820027E032 /* RealmMigrations.swift */,
				B7FC2CAF27B741BC002C950E /* RealmPersistenceManager.swift */,
				B7FC2CB127B7420B002C950E /* RealmPersistenceStateTransformer.swift */,
			);
			path = RealmFiles;
			sourceTree = "<group>";
		};
		F005CA15258DA7F4003DEEE4 /* FlatFile */ = {
			isa = PBXGroup;
			children = (
				F01BBBB1246F900900BBC3A3 /* FileStore.swift */,
				F066BB4E258EF98B00B1654B /* FilePersistenceManager.swift */,
				B7881B1426D47D4200B7BBA6 /* FilePersistence+Extensions.swift */,
				F01BBBB3246F939600BBC3A3 /* EntryListFileStore.swift */,
			);
			path = FlatFile;
			sourceTree = "<group>";
		};
		F0092492256DD364005F4ABE /* Frameworks */ = {
			isa = PBXGroup;
			children = (
			);
			name = Frameworks;
			sourceTree = "<group>";
		};
		F01BBBB0246F8FE400BBC3A3 /* Persistence */ = {
			isa = PBXGroup;
			children = (
				B7FC9EA526D1FBA90027E032 /* RealmFiles */,
				F005CA15258DA7F4003DEEE4 /* FlatFile */,
				4518F0ED26D3301D0081A098 /* AppFiles.swift */,
			);
			path = Persistence;
			sourceTree = "<group>";
		};
		F02262492471A71700F31141 /* Details */ = {
			isa = PBXGroup;
			children = (
				F0BB568024E760FB00BF91F2 /* MedicineEntryDetailsViewState.swift */,
				459679F823371772001DCBA1 /* MedicineEntryDetailsView.swift */,
			);
			path = Details;
			sourceTree = "<group>";
		};
		F022624C2471A79B00F31141 /* AppState */ = {
			isa = PBXGroup;
			children = (
				45DA2BC0232532E500649270 /* AppStateError.swift */,
				F09E36ED248216220011C8BD /* ApplicationData.swift */,
				F066BB53258EFC5700B1654B /* ApplicationData+Mutation.swift */,
			);
			path = AppState;
			sourceTree = "<group>";
		};
		F022624D2471A81100F31141 /* Logging */ = {
			isa = PBXGroup;
			children = (
				4518F0F126D3315E0081A098 /* EventDefinitions.swift */,
				45452B8A235D308700273D79 /* EventLogging.swift */,
				4518F0F326D337710081A098 /* FlatFileLogging.swift */,
				4518F0EF26D331220081A098 /* RealmEventLogging.swift */,
			);
			path = Logging;
			sourceTree = "<group>";
		};
		F02892F124EB88C7005A40D9 /* Selection */ = {
			isa = PBXGroup;
			children = (
				45DA2BC2232551B600649270 /* DrugSelectionContainerView.swift */,
				F0456CCF24705D630017B04E /* DrugSelectionListView.swift */,
				45CE91C123CBFB55007E0580 /* DrugEntryNumberPad.swift */,
				F0456CDC247061450017B04E /* DrugEntryCell.swift */,
				F0E25B6B258ED11A001EE2A7 /* DrugSelectionModels.swift */,
			);
			path = Selection;
			sourceTree = "<group>";
		};
		F02892F224EB896C005A40D9 /* EntryEditing */ = {
			isa = PBXGroup;
			children = (
				F022624E2471A8A800F31141 /* ExistingEntryEditorView.swift */,
				F0D35308256F176C00AAC99E /* ExistingEntryEditorState.swift */,
			);
			path = EntryEditing;
			sourceTree = "<group>";
		};
		F02892F324EBA23F005A40D9 /* Reminders */ = {
			isa = PBXGroup;
			children = (
				F021ED1D24EE14E5007147B6 /* NotificationInfoViewState.swift */,
				F02892F424EBA28A005A40D9 /* NotificationInfoView.swift */,
			);
			path = Reminders;
			sourceTree = "<group>";
		};
		F094CF4C247B70EF00CE50BA /* ViewModifiers */ = {
			isa = PBXGroup;
			children = (
				F094CF4D247B710300CE50BA /* AutoCancel.swift */,
			);
			path = ViewModifiers;
			sourceTree = "<group>";
		};
		F0C035BE2467AE3F00599A4D /* Models */ = {
			isa = PBXGroup;
			children = (
				45DA2BBC2324C1FD00649270 /* MedicineModelDefinitions.swift */,
				45135961239A2C0B00EB2D31 /* MedicineModelExtensions.swift */,
			);
			path = Models;
			sourceTree = "<group>";
		};
		F0D289C0248D50DC00FEBA51 /* DrugListEditor */ = {
			isa = PBXGroup;
			children = (
				F07E207F24E9CC2B004DFB8C /* DrugListEditState.swift */,
				F0D289C1248D50F700FEBA51 /* DrugListEditorView.swift */,
			);
			path = DrugListEditor;
			sourceTree = "<group>";
		};
		F0DFB7652593A7A100F7A8CE /* ActivityViewShareSheet */ = {
			isa = PBXGroup;
			children = (
				F0DFB7662593A7B900F7A8CE /* ActivityView.swift */,
			);
			path = ActivityViewShareSheet;
			sourceTree = "<group>";
		};
		F0E25B6A258ED02D001EE2A7 /* EntryList */ = {
			isa = PBXGroup;
			children = (
				F0E25B73258ED25F001EE2A7 /* EntryListView.swift */,
			);
			path = EntryList;
			sourceTree = "<group>";
		};
/* End PBXGroup section */

/* Begin PBXNativeTarget section */
		4593B4AD231AFBD000787D91 /* Drugs! */ = {
			isa = PBXNativeTarget;
			buildConfigurationList = 4593B4D8231AFBD200787D91 /* Build configuration list for PBXNativeTarget "Drugs!" */;
			buildPhases = (
				4593B4AA231AFBD000787D91 /* Sources */,
				4593B4AB231AFBD000787D91 /* Frameworks */,
				4593B4AC231AFBD000787D91 /* Resources */,
			);
			buildRules = (
			);
			dependencies = (
			);
			name = "Drugs!";
			packageProductDependencies = (
				B7FC9E9F26D1D3310027E032 /* RealmSwift */,
				B7FC9EA126D1D3310027E032 /* Realm */,
			);
			productName = "Drugs!";
			productReference = 4593B4AE231AFBD000787D91 /* Meds!.app */;
			productType = "com.apple.product-type.application";
		};
		4593B4C3231AFBD200787D91 /* Drugs!Tests */ = {
			isa = PBXNativeTarget;
			buildConfigurationList = 4593B4DB231AFBD200787D91 /* Build configuration list for PBXNativeTarget "Drugs!Tests" */;
			buildPhases = (
				4593B4C0231AFBD200787D91 /* Sources */,
				4593B4C1231AFBD200787D91 /* Frameworks */,
				4593B4C2231AFBD200787D91 /* Resources */,
			);
			buildRules = (
			);
			dependencies = (
				4518F0EA26D329BE0081A098 /* PBXTargetDependency */,
				4518F0EC26D329BE0081A098 /* PBXTargetDependency */,
				4593B4C6231AFBD200787D91 /* PBXTargetDependency */,
			);
			name = "Drugs!Tests";
			packageProductDependencies = (
			);
			productName = "Drugs!Tests";
			productReference = 4593B4C4231AFBD200787D91 /* Drugs!Tests.xctest */;
			productType = "com.apple.product-type.bundle.unit-test";
		};
		4593B4CE231AFBD200787D91 /* Drugs!UITests */ = {
			isa = PBXNativeTarget;
			buildConfigurationList = 4593B4DE231AFBD200787D91 /* Build configuration list for PBXNativeTarget "Drugs!UITests" */;
			buildPhases = (
				4593B4CB231AFBD200787D91 /* Sources */,
				4593B4CC231AFBD200787D91 /* Frameworks */,
				4593B4CD231AFBD200787D91 /* Resources */,
			);
			buildRules = (
			);
			dependencies = (
				4593B4D1231AFBD200787D91 /* PBXTargetDependency */,
			);
			name = "Drugs!UITests";
			packageProductDependencies = (
			);
			productName = "Drugs!UITests";
			productReference = 4593B4CF231AFBD200787D91 /* Drugs!UITests.xctest */;
			productType = "com.apple.product-type.bundle.ui-testing";
		};
/* End PBXNativeTarget section */

/* Begin PBXProject section */
		4593B4A6231AFBD000787D91 /* Project object */ = {
			isa = PBXProject;
			attributes = {
				LastSwiftUpdateCheck = 1230;
				LastUpgradeCheck = 1200;
				ORGANIZATIONNAME = "Ivan Lugo";
				TargetAttributes = {
					4593B4AD231AFBD000787D91 = {
						CreatedOnToolsVersion = 11.0;
					};
					4593B4C3231AFBD200787D91 = {
						CreatedOnToolsVersion = 11.0;
						TestTargetID = 4593B4AD231AFBD000787D91;
					};
					4593B4CE231AFBD200787D91 = {
						CreatedOnToolsVersion = 11.0;
						TestTargetID = 4593B4AD231AFBD000787D91;
					};
				};
			};
			buildConfigurationList = 4593B4A9231AFBD000787D91 /* Build configuration list for PBXProject "Drugs!" */;
			compatibilityVersion = "Xcode 11.0";
			developmentRegion = en;
			hasScannedForEncodings = 0;
			knownRegions = (
				en,
				Base,
			);
			mainGroup = 4593B4A5231AFBD000787D91;
			packageReferences = (
				B7FC9E9E26D1D3310027E032 /* XCRemoteSwiftPackageReference "realm-cocoa" */,
			);
			productRefGroup = 4593B4AF231AFBD000787D91 /* Products */;
			projectDirPath = "";
			projectRoot = "";
			targets = (
				4593B4AD231AFBD000787D91 /* Drugs! */,
				4593B4C3231AFBD200787D91 /* Drugs!Tests */,
				4593B4CE231AFBD200787D91 /* Drugs!UITests */,
			);
		};
/* End PBXProject section */

/* Begin PBXResourcesBuildPhase section */
		4593B4AC231AFBD000787D91 /* Resources */ = {
			isa = PBXResourcesBuildPhase;
			buildActionMask = 2147483647;
			files = (
				4593B4BE231AFBD100787D91 /* LaunchScreen.storyboard in Resources */,
				4593B4BB231AFBD100787D91 /* Preview Assets.xcassets in Resources */,
				F051DACD24EBC20200D095C9 /* slow-spring-board.caf in Resources */,
				4593B4B8231AFBD100787D91 /* Assets.xcassets in Resources */,
			);
			runOnlyForDeploymentPostprocessing = 0;
		};
		4593B4C2231AFBD200787D91 /* Resources */ = {
			isa = PBXResourcesBuildPhase;
			buildActionMask = 2147483647;
			files = (
			);
			runOnlyForDeploymentPostprocessing = 0;
		};
		4593B4CD231AFBD200787D91 /* Resources */ = {
			isa = PBXResourcesBuildPhase;
			buildActionMask = 2147483647;
			files = (
			);
			runOnlyForDeploymentPostprocessing = 0;
		};
/* End PBXResourcesBuildPhase section */

/* Begin PBXSourcesBuildPhase section */
		4593B4AA231AFBD000787D91 /* Sources */ = {
			isa = PBXSourcesBuildPhase;
			buildActionMask = 2147483647;
			files = (
				B7FC2CB027B741BC002C950E /* RealmPersistenceManager.swift in Sources */,
				F02892F024EB87B7005A40D9 /* RootAppStartupView.swift in Sources */,
				F01BBBB2246F900900BBC3A3 /* FileStore.swift in Sources */,
				459679FB2337204C001DCBA1 /* Formatting.swift in Sources */,
				F0E25B74258ED25F001EE2A7 /* EntryListView.swift in Sources */,
				F094CF4E247B710300CE50BA /* AutoCancel.swift in Sources */,
				4518F0F026D331220081A098 /* RealmEventLogging.swift in Sources */,
				F01BBBB6246F93BB00BBC3A3 /* Aliases.swift in Sources */,
				B7FC9EAB26D1FE820027E032 /* RealmMigrations.swift in Sources */,
				4518F0F426D337710081A098 /* FlatFileLogging.swift in Sources */,
				F075605D24EC5A4F00E81463 /* GlobalUtilityFunctions.swift in Sources */,
				B7FC9EA926D1FD210027E032 /* RealmModels.swift in Sources */,
				F0FE7FAB255E3CC5004D6D62 /* TestingKeys.swift in Sources */,
				45452B8B235D308700273D79 /* EventLogging.swift in Sources */,
				45DA2BC1232532E500649270 /* AppStateError.swift in Sources */,
				F0BB568124E760FB00BF91F2 /* MedicineEntryDetailsViewState.swift in Sources */,
				F0DFB7672593A7B900F7A8CE /* ActivityView.swift in Sources */,
				F0E25B6C258ED11A001EE2A7 /* DrugSelectionModels.swift in Sources */,
				4518F0EE26D3301D0081A098 /* AppFiles.swift in Sources */,
				F0456CDD247061450017B04E /* DrugEntryCell.swift in Sources */,
				F066BB4F258EF98B00B1654B /* FilePersistenceManager.swift in Sources */,
				F021ED1E24EE14E5007147B6 /* NotificationInfoViewState.swift in Sources */,
				4593B4B2231AFBD000787D91 /* AppDelegate.swift in Sources */,
				B7881B1526D47D4200B7BBA6 /* FilePersistence+Extensions.swift in Sources */,
				B7FC9EA726D1FC020027E032 /* RealmManager.swift in Sources */,
				45DA2BC3232551B600649270 /* DrugSelectionContainerView.swift in Sources */,
				45135962239A2C0B00EB2D31 /* MedicineModelExtensions.swift in Sources */,
				B7FC2CB227B7420B002C950E /* RealmPersistenceStateTransformer.swift in Sources */,
				459679F923371772001DCBA1 /* MedicineEntryDetailsView.swift in Sources */,
				F0D35309256F176C00AAC99E /* ExistingEntryEditorState.swift in Sources */,
				F02892F524EBA28A005A40D9 /* NotificationInfoView.swift in Sources */,
				F02262532471AA8C00F31141 /* Components.swift in Sources */,
				45CE91C223CBFB55007E0580 /* DrugEntryNumberPad.swift in Sources */,
				F07E207E24E9CBFF004DFB8C /* AddEntryViewState.swift in Sources */,
				F066BB54258EFC5700B1654B /* ApplicationData+Mutation.swift in Sources */,
				F0456CD024705D630017B04E /* DrugSelectionListView.swift in Sources */,
				4593B4B4231AFBD000787D91 /* SceneDelegate.swift in Sources */,
				45DA2BBD2324C1FD00649270 /* MedicineModelDefinitions.swift in Sources */,
				F022624F2471A8A800F31141 /* ExistingEntryEditorView.swift in Sources */,
				4518F0F226D3315E0081A098 /* EventDefinitions.swift in Sources */,
				F09E36EE248216220011C8BD /* ApplicationData.swift in Sources */,
				45135960239A2BCC00EB2D31 /* DefaultData.swift in Sources */,
				F0D289C2248D50F700FEBA51 /* DrugListEditorView.swift in Sources */,
				F07E208024E9CC2B004DFB8C /* DrugListEditState.swift in Sources */,
				459679F723370558001DCBA1 /* AppColors.swift in Sources */,
				4593B4B6231AFBD000787D91 /* AddNewEntryView.swift in Sources */,
				F01BBBB4246F939600BBC3A3 /* EntryListFileStore.swift in Sources */,
				45DA2BBF2324C93E00649270 /* MedicineLogDataManager.swift in Sources */,
			);
			runOnlyForDeploymentPostprocessing = 0;
		};
		4593B4C0231AFBD200787D91 /* Sources */ = {
			isa = PBXSourcesBuildPhase;
			buildActionMask = 2147483647;
			files = (
				B7FC9EA426D1D3A90027E032 /* Drugs_RealmTests.swift in Sources */,
				F0456CD824705F020017B04E /* AppColors.swift in Sources */,
				4593B4C9231AFBD200787D91 /* Drugs_Tests.swift in Sources */,
				F06CE02C2477A7E50005441E /* Formatting.swift in Sources */,
			);
			runOnlyForDeploymentPostprocessing = 0;
		};
		4593B4CB231AFBD200787D91 /* Sources */ = {
			isa = PBXSourcesBuildPhase;
			buildActionMask = 2147483647;
			files = (
				F0FE7FB0255E3CD5004D6D62 /* TestingKeys.swift in Sources */,
				F0456CD924705F030017B04E /* AppColors.swift in Sources */,
				4593B4D4231AFBD200787D91 /* Drugs_UITests.swift in Sources */,
				F06CE02D2477A7E60005441E /* Formatting.swift in Sources */,
			);
			runOnlyForDeploymentPostprocessing = 0;
		};
/* End PBXSourcesBuildPhase section */

/* Begin PBXTargetDependency section */
		4518F0EA26D329BE0081A098 /* PBXTargetDependency */ = {
			isa = PBXTargetDependency;
			productRef = 4518F0E926D329BE0081A098 /* Realm */;
		};
		4518F0EC26D329BE0081A098 /* PBXTargetDependency */ = {
			isa = PBXTargetDependency;
			productRef = 4518F0EB26D329BE0081A098 /* RealmSwift */;
		};
		4593B4C6231AFBD200787D91 /* PBXTargetDependency */ = {
			isa = PBXTargetDependency;
			target = 4593B4AD231AFBD000787D91 /* Drugs! */;
			targetProxy = 4593B4C5231AFBD200787D91 /* PBXContainerItemProxy */;
		};
		4593B4D1231AFBD200787D91 /* PBXTargetDependency */ = {
			isa = PBXTargetDependency;
			target = 4593B4AD231AFBD000787D91 /* Drugs! */;
			targetProxy = 4593B4D0231AFBD200787D91 /* PBXContainerItemProxy */;
		};
/* End PBXTargetDependency section */

/* Begin PBXVariantGroup section */
		4593B4BC231AFBD100787D91 /* LaunchScreen.storyboard */ = {
			isa = PBXVariantGroup;
			children = (
				4593B4BD231AFBD100787D91 /* Base */,
			);
			name = LaunchScreen.storyboard;
			sourceTree = "<group>";
		};
/* End PBXVariantGroup section */

/* Begin XCBuildConfiguration section */
		4593B4D6231AFBD200787D91 /* Debug */ = {
			isa = XCBuildConfiguration;
			buildSettings = {
				ALWAYS_SEARCH_USER_PATHS = NO;
				CLANG_ANALYZER_NONNULL = YES;
				CLANG_ANALYZER_NUMBER_OBJECT_CONVERSION = YES_AGGRESSIVE;
				CLANG_CXX_LANGUAGE_STANDARD = "gnu++14";
				CLANG_CXX_LIBRARY = "libc++";
				CLANG_ENABLE_MODULES = YES;
				CLANG_ENABLE_OBJC_ARC = YES;
				CLANG_ENABLE_OBJC_WEAK = YES;
				CLANG_WARN_BLOCK_CAPTURE_AUTORELEASING = YES;
				CLANG_WARN_BOOL_CONVERSION = YES;
				CLANG_WARN_COMMA = YES;
				CLANG_WARN_CONSTANT_CONVERSION = YES;
				CLANG_WARN_DEPRECATED_OBJC_IMPLEMENTATIONS = YES;
				CLANG_WARN_DIRECT_OBJC_ISA_USAGE = YES_ERROR;
				CLANG_WARN_DOCUMENTATION_COMMENTS = YES;
				CLANG_WARN_EMPTY_BODY = YES;
				CLANG_WARN_ENUM_CONVERSION = YES;
				CLANG_WARN_INFINITE_RECURSION = YES;
				CLANG_WARN_INT_CONVERSION = YES;
				CLANG_WARN_NON_LITERAL_NULL_CONVERSION = YES;
				CLANG_WARN_OBJC_IMPLICIT_RETAIN_SELF = YES;
				CLANG_WARN_OBJC_LITERAL_CONVERSION = YES;
				CLANG_WARN_OBJC_ROOT_CLASS = YES_ERROR;
				CLANG_WARN_QUOTED_INCLUDE_IN_FRAMEWORK_HEADER = YES;
				CLANG_WARN_RANGE_LOOP_ANALYSIS = YES;
				CLANG_WARN_STRICT_PROTOTYPES = YES;
				CLANG_WARN_SUSPICIOUS_MOVE = YES;
				CLANG_WARN_UNGUARDED_AVAILABILITY = YES_AGGRESSIVE;
				CLANG_WARN_UNREACHABLE_CODE = YES;
				CLANG_WARN__DUPLICATE_METHOD_MATCH = YES;
				COPY_PHASE_STRIP = NO;
				DEBUG_INFORMATION_FORMAT = dwarf;
				ENABLE_STRICT_OBJC_MSGSEND = YES;
				ENABLE_TESTABILITY = YES;
				GCC_C_LANGUAGE_STANDARD = gnu11;
				GCC_DYNAMIC_NO_PIC = NO;
				GCC_NO_COMMON_BLOCKS = YES;
				GCC_OPTIMIZATION_LEVEL = 0;
				GCC_PREPROCESSOR_DEFINITIONS = (
					"DEBUG=1",
					"$(inherited)",
				);
				GCC_WARN_64_TO_32_BIT_CONVERSION = YES;
				GCC_WARN_ABOUT_RETURN_TYPE = YES_ERROR;
				GCC_WARN_UNDECLARED_SELECTOR = YES;
				GCC_WARN_UNINITIALIZED_AUTOS = YES_AGGRESSIVE;
				GCC_WARN_UNUSED_FUNCTION = YES;
				GCC_WARN_UNUSED_VARIABLE = YES;
				IPHONEOS_DEPLOYMENT_TARGET = 13.0;
				MTL_ENABLE_DEBUG_INFO = INCLUDE_SOURCE;
				MTL_FAST_MATH = YES;
				ONLY_ACTIVE_ARCH = YES;
				SDKROOT = iphoneos;
				SWIFT_ACTIVE_COMPILATION_CONDITIONS = DEBUG;
				SWIFT_OPTIMIZATION_LEVEL = "-Onone";
			};
			name = Debug;
		};
		4593B4D7231AFBD200787D91 /* Release */ = {
			isa = XCBuildConfiguration;
			buildSettings = {
				ALWAYS_SEARCH_USER_PATHS = NO;
				CLANG_ANALYZER_NONNULL = YES;
				CLANG_ANALYZER_NUMBER_OBJECT_CONVERSION = YES_AGGRESSIVE;
				CLANG_CXX_LANGUAGE_STANDARD = "gnu++14";
				CLANG_CXX_LIBRARY = "libc++";
				CLANG_ENABLE_MODULES = YES;
				CLANG_ENABLE_OBJC_ARC = YES;
				CLANG_ENABLE_OBJC_WEAK = YES;
				CLANG_WARN_BLOCK_CAPTURE_AUTORELEASING = YES;
				CLANG_WARN_BOOL_CONVERSION = YES;
				CLANG_WARN_COMMA = YES;
				CLANG_WARN_CONSTANT_CONVERSION = YES;
				CLANG_WARN_DEPRECATED_OBJC_IMPLEMENTATIONS = YES;
				CLANG_WARN_DIRECT_OBJC_ISA_USAGE = YES_ERROR;
				CLANG_WARN_DOCUMENTATION_COMMENTS = YES;
				CLANG_WARN_EMPTY_BODY = YES;
				CLANG_WARN_ENUM_CONVERSION = YES;
				CLANG_WARN_INFINITE_RECURSION = YES;
				CLANG_WARN_INT_CONVERSION = YES;
				CLANG_WARN_NON_LITERAL_NULL_CONVERSION = YES;
				CLANG_WARN_OBJC_IMPLICIT_RETAIN_SELF = YES;
				CLANG_WARN_OBJC_LITERAL_CONVERSION = YES;
				CLANG_WARN_OBJC_ROOT_CLASS = YES_ERROR;
				CLANG_WARN_QUOTED_INCLUDE_IN_FRAMEWORK_HEADER = YES;
				CLANG_WARN_RANGE_LOOP_ANALYSIS = YES;
				CLANG_WARN_STRICT_PROTOTYPES = YES;
				CLANG_WARN_SUSPICIOUS_MOVE = YES;
				CLANG_WARN_UNGUARDED_AVAILABILITY = YES_AGGRESSIVE;
				CLANG_WARN_UNREACHABLE_CODE = YES;
				CLANG_WARN__DUPLICATE_METHOD_MATCH = YES;
				COPY_PHASE_STRIP = NO;
				DEBUG_INFORMATION_FORMAT = "dwarf-with-dsym";
				ENABLE_NS_ASSERTIONS = NO;
				ENABLE_STRICT_OBJC_MSGSEND = YES;
				GCC_C_LANGUAGE_STANDARD = gnu11;
				GCC_NO_COMMON_BLOCKS = YES;
				GCC_WARN_64_TO_32_BIT_CONVERSION = YES;
				GCC_WARN_ABOUT_RETURN_TYPE = YES_ERROR;
				GCC_WARN_UNDECLARED_SELECTOR = YES;
				GCC_WARN_UNINITIALIZED_AUTOS = YES_AGGRESSIVE;
				GCC_WARN_UNUSED_FUNCTION = YES;
				GCC_WARN_UNUSED_VARIABLE = YES;
				IPHONEOS_DEPLOYMENT_TARGET = 13.0;
				MTL_ENABLE_DEBUG_INFO = NO;
				MTL_FAST_MATH = YES;
				SDKROOT = iphoneos;
				SWIFT_COMPILATION_MODE = wholemodule;
				SWIFT_OPTIMIZATION_LEVEL = "-O";
				VALIDATE_PRODUCT = YES;
			};
			name = Release;
		};
		4593B4D9231AFBD200787D91 /* Debug */ = {
			isa = XCBuildConfiguration;
			buildSettings = {
				ASSETCATALOG_COMPILER_APPICON_NAME = AppIcon;
				CODE_SIGN_ENTITLEMENTS = "Drugs!/Meds!.entitlements";
				CODE_SIGN_IDENTITY = "Apple Development";
				CODE_SIGN_STYLE = Automatic;
				CURRENT_PROJECT_VERSION = 26;
				DEVELOPMENT_ASSET_PATHS = "\"Drugs!/Preview Content\"";
				DEVELOPMENT_TEAM = XR2HQNSZ68;
				ENABLE_PREVIEWS = YES;
				INFOPLIST_FILE = "Drugs!/Info.plist";
				IPHONEOS_DEPLOYMENT_TARGET = 13.0;
				LD_RUNPATH_SEARCH_PATHS = (
					"$(SRCROOT)",
					"$(inherited)",
					"@executable_path/Frameworks",
				);
				MARKETING_VERSION = 1.12.0;
				PRODUCT_BUNDLE_IDENTIFIER = com.thelugoswriteapps.whendidi;
				PRODUCT_NAME = "Meds!";
				PROVISIONING_PROFILE_SPECIFIER = "";
				SUPPORTS_MACCATALYST = NO;
				SWIFT_VERSION = 5.0;
				TARGETED_DEVICE_FAMILY = "1,2";
			};
			name = Debug;
		};
		4593B4DA231AFBD200787D91 /* Release */ = {
			isa = XCBuildConfiguration;
			buildSettings = {
				ASSETCATALOG_COMPILER_APPICON_NAME = AppIcon;
				CODE_SIGN_ENTITLEMENTS = "Drugs!/Meds!.entitlements";
				CODE_SIGN_IDENTITY = "Apple Development";
				CODE_SIGN_STYLE = Automatic;
				CURRENT_PROJECT_VERSION = 26;
				DEVELOPMENT_ASSET_PATHS = "\"Drugs!/Preview Content\"";
				DEVELOPMENT_TEAM = XR2HQNSZ68;
				ENABLE_PREVIEWS = YES;
				INFOPLIST_FILE = "Drugs!/Info.plist";
				IPHONEOS_DEPLOYMENT_TARGET = 13.0;
				LD_RUNPATH_SEARCH_PATHS = (
					"$(SRCROOT)",
					"$(inherited)",
					"@executable_path/Frameworks",
				);
				MARKETING_VERSION = 1.12.0;
				PRODUCT_BUNDLE_IDENTIFIER = com.thelugoswriteapps.whendidi;
				PRODUCT_NAME = "Meds!";
				PROVISIONING_PROFILE_SPECIFIER = "";
				SUPPORTS_MACCATALYST = NO;
				SWIFT_VERSION = 5.0;
				TARGETED_DEVICE_FAMILY = "1,2";
			};
			name = Release;
		};
		4593B4DC231AFBD200787D91 /* Debug */ = {
			isa = XCBuildConfiguration;
			buildSettings = {
				BUNDLE_LOADER = "$(TEST_HOST)";
				CODE_SIGN_STYLE = Automatic;
				DEVELOPMENT_TEAM = XR2HQNSZ68;
				GENERATE_PKGINFO_FILE = NO;
				INFOPLIST_FILE = "Drugs!Tests/Info.plist";
				IPHONEOS_DEPLOYMENT_TARGET = 13.0;
				LD_RUNPATH_SEARCH_PATHS = (
					"$(inherited)",
					"@executable_path/Frameworks",
					"@loader_path/Frameworks",
				);
				PRODUCT_BUNDLE_IDENTIFIER = "lugonium.Drugs-Tests";
				PRODUCT_NAME = "$(TARGET_NAME)";
				SWIFT_VERSION = 5.0;
				TARGETED_DEVICE_FAMILY = "1,2";
				TEST_HOST = "$(BUILT_PRODUCTS_DIR)/Meds!.app/Meds!";
			};
			name = Debug;
		};
		4593B4DD231AFBD200787D91 /* Release */ = {
			isa = XCBuildConfiguration;
			buildSettings = {
				BUNDLE_LOADER = "$(TEST_HOST)";
				CODE_SIGN_STYLE = Automatic;
				DEVELOPMENT_TEAM = XR2HQNSZ68;
				GENERATE_PKGINFO_FILE = NO;
				INFOPLIST_FILE = "Drugs!Tests/Info.plist";
				IPHONEOS_DEPLOYMENT_TARGET = 13.0;
				LD_RUNPATH_SEARCH_PATHS = (
					"$(inherited)",
					"@executable_path/Frameworks",
					"@loader_path/Frameworks",
				);
				PRODUCT_BUNDLE_IDENTIFIER = "lugonium.Drugs-Tests";
				PRODUCT_NAME = "$(TARGET_NAME)";
				SWIFT_VERSION = 5.0;
				TARGETED_DEVICE_FAMILY = "1,2";
				TEST_HOST = "$(BUILT_PRODUCTS_DIR)/Meds!.app/Meds!";
			};
			name = Release;
		};
		4593B4DF231AFBD200787D91 /* Debug */ = {
			isa = XCBuildConfiguration;
			buildSettings = {
				ALWAYS_EMBED_SWIFT_STANDARD_LIBRARIES = YES;
				CODE_SIGN_STYLE = Automatic;
				DEVELOPMENT_TEAM = XR2HQNSZ68;
				INFOPLIST_FILE = "Drugs!UITests/Info.plist";
				LD_RUNPATH_SEARCH_PATHS = (
					"$(inherited)",
					"@executable_path/Frameworks",
					"@loader_path/Frameworks",
				);
				PRODUCT_BUNDLE_IDENTIFIER = "lugonium.Drugs-UITests";
				PRODUCT_NAME = "$(TARGET_NAME)";
				SWIFT_VERSION = 5.0;
				TARGETED_DEVICE_FAMILY = "1,2";
				TEST_TARGET_NAME = "Drugs!";
			};
			name = Debug;
		};
		4593B4E0231AFBD200787D91 /* Release */ = {
			isa = XCBuildConfiguration;
			buildSettings = {
				ALWAYS_EMBED_SWIFT_STANDARD_LIBRARIES = YES;
				CODE_SIGN_STYLE = Automatic;
				DEVELOPMENT_TEAM = XR2HQNSZ68;
				INFOPLIST_FILE = "Drugs!UITests/Info.plist";
				LD_RUNPATH_SEARCH_PATHS = (
					"$(inherited)",
					"@executable_path/Frameworks",
					"@loader_path/Frameworks",
				);
				PRODUCT_BUNDLE_IDENTIFIER = "lugonium.Drugs-UITests";
				PRODUCT_NAME = "$(TARGET_NAME)";
				SWIFT_VERSION = 5.0;
				TARGETED_DEVICE_FAMILY = "1,2";
				TEST_TARGET_NAME = "Drugs!";
			};
			name = Release;
		};
/* End XCBuildConfiguration section */

/* Begin XCConfigurationList section */
		4593B4A9231AFBD000787D91 /* Build configuration list for PBXProject "Drugs!" */ = {
			isa = XCConfigurationList;
			buildConfigurations = (
				4593B4D6231AFBD200787D91 /* Debug */,
				4593B4D7231AFBD200787D91 /* Release */,
			);
			defaultConfigurationIsVisible = 0;
			defaultConfigurationName = Release;
		};
		4593B4D8231AFBD200787D91 /* Build configuration list for PBXNativeTarget "Drugs!" */ = {
			isa = XCConfigurationList;
			buildConfigurations = (
				4593B4D9231AFBD200787D91 /* Debug */,
				4593B4DA231AFBD200787D91 /* Release */,
			);
			defaultConfigurationIsVisible = 0;
			defaultConfigurationName = Release;
		};
		4593B4DB231AFBD200787D91 /* Build configuration list for PBXNativeTarget "Drugs!Tests" */ = {
			isa = XCConfigurationList;
			buildConfigurations = (
				4593B4DC231AFBD200787D91 /* Debug */,
				4593B4DD231AFBD200787D91 /* Release */,
			);
			defaultConfigurationIsVisible = 0;
			defaultConfigurationName = Release;
		};
		4593B4DE231AFBD200787D91 /* Build configuration list for PBXNativeTarget "Drugs!UITests" */ = {
			isa = XCConfigurationList;
			buildConfigurations = (
				4593B4DF231AFBD200787D91 /* Debug */,
				4593B4E0231AFBD200787D91 /* Release */,
			);
			defaultConfigurationIsVisible = 0;
			defaultConfigurationName = Release;
		};
/* End XCConfigurationList section */

/* Begin XCRemoteSwiftPackageReference section */
		B7FC9E9E26D1D3310027E032 /* XCRemoteSwiftPackageReference "realm-cocoa" */ = {
			isa = XCRemoteSwiftPackageReference;
			repositoryURL = "https://github.com/realm/realm-cocoa.git";
			requirement = {
				kind = upToNextMajorVersion;
				minimumVersion = 10.12.0;
			};
		};
/* End XCRemoteSwiftPackageReference section */

/* Begin XCSwiftPackageProductDependency section */
		4518F0E926D329BE0081A098 /* Realm */ = {
			isa = XCSwiftPackageProductDependency;
			package = B7FC9E9E26D1D3310027E032 /* XCRemoteSwiftPackageReference "realm-cocoa" */;
			productName = Realm;
		};
		4518F0EB26D329BE0081A098 /* RealmSwift */ = {
			isa = XCSwiftPackageProductDependency;
			package = B7FC9E9E26D1D3310027E032 /* XCRemoteSwiftPackageReference "realm-cocoa" */;
			productName = RealmSwift;
		};
		B7FC9E9F26D1D3310027E032 /* RealmSwift */ = {
			isa = XCSwiftPackageProductDependency;
			package = B7FC9E9E26D1D3310027E032 /* XCRemoteSwiftPackageReference "realm-cocoa" */;
			productName = RealmSwift;
		};
		B7FC9EA126D1D3310027E032 /* Realm */ = {
			isa = XCSwiftPackageProductDependency;
			package = B7FC9E9E26D1D3310027E032 /* XCRemoteSwiftPackageReference "realm-cocoa" */;
			productName = Realm;
		};
/* End XCSwiftPackageProductDependency section */
	};
	rootObject = 4593B4A6231AFBD000787D91 /* Project object */;
}
